name: Update yarn.lock

on:
  workflow_dispatch:

jobs:
  update-lockfile:
    runs-on: ubuntu-latest
    permissions:
      contents: write
    steps:
      - name: Checkout
        uses: actions/checkout@v4

      - name: Setup Node.js
        uses: actions/setup-node@v4
        with:
          node-version: 20

      - name: Delete old lockfile and regenerate
        run: |
          rm yarn.lock
          yarn install

      - name: Commit and push
        run: |
          git config user.name "github-actions[bot]"
          git config user.email "github-actions[bot]@users.noreply.github.com"
          git add yarn.lock
          git commit -m "Regenerate yarn.lock"
          git push